// !$*UTF8*$!
{
	archiveVersion = 1;
	classes = {
	};
	objectVersion = 51;
	objects = {

/* Begin PBXBuildFile section */
		0432D77D43E0D8271F00A176 /* Pods_Klover_Test.framework in Frameworks */ = {isa = PBXBuildFile; fileRef = D70E1F7E8707AFB3805C5763 /* Pods_Klover_Test.framework */; };
		08F122DD26BACA44006B11F9 /* AppDelegate.swift in Sources */ = {isa = PBXBuildFile; fileRef = 08F122DC26BACA44006B11F9 /* AppDelegate.swift */; };
		08F122DF26BACA44006B11F9 /* SceneDelegate.swift in Sources */ = {isa = PBXBuildFile; fileRef = 08F122DE26BACA44006B11F9 /* SceneDelegate.swift */; };
		08F122E126BACA44006B11F9 /* MainViewController.swift in Sources */ = {isa = PBXBuildFile; fileRef = 08F122E026BACA44006B11F9 /* MainViewController.swift */; };
		08F122E626BACA45006B11F9 /* Assets.xcassets in Resources */ = {isa = PBXBuildFile; fileRef = 08F122E526BACA45006B11F9 /* Assets.xcassets */; };
		08F122E926BACA45006B11F9 /* LaunchScreen.storyboard in Resources */ = {isa = PBXBuildFile; fileRef = 08F122E726BACA45006B11F9 /* LaunchScreen.storyboard */; };
		08F122F426BACBC4006B11F9 /* Constants.swift in Sources */ = {isa = PBXBuildFile; fileRef = 08F122F326BACBC4006B11F9 /* Constants.swift */; };
		08F122F726BACD4B006B11F9 /* Extension.swift in Sources */ = {isa = PBXBuildFile; fileRef = 08F122F626BACD4B006B11F9 /* Extension.swift */; };
		08F122F926BAD4A7006B11F9 /* WheelViewController.swift in Sources */ = {isa = PBXBuildFile; fileRef = 08F122F826BAD4A7006B11F9 /* WheelViewController.swift */; };
		08F122FB26BAD5F0006B11F9 /* SliceResponse.swift in Sources */ = {isa = PBXBuildFile; fileRef = 08F122FA26BAD5F0006B11F9 /* SliceResponse.swift */; };
		08F122FD26BAD643006B11F9 /* APICaller.swift in Sources */ = {isa = PBXBuildFile; fileRef = 08F122FC26BAD643006B11F9 /* APICaller.swift */; };
		08F122FF26BADB6E006B11F9 /* wheel_ticker.png in Resources */ = {isa = PBXBuildFile; fileRef = 08F122FE26BADB6E006B11F9 /* wheel_ticker.png */; };
		08F1230126BADC00006B11F9 /* WheelView.swift in Sources */ = {isa = PBXBuildFile; fileRef = 08F1230026BADC00006B11F9 /* WheelView.swift */; };
/* End PBXBuildFile section */

/* Begin PBXFileReference section */
		08F122D926BACA44006B11F9 /* Klover-Test.app */ = {isa = PBXFileReference; explicitFileType = wrapper.application; includeInIndex = 0; path = "Klover-Test.app"; sourceTree = BUILT_PRODUCTS_DIR; };
		08F122DC26BACA44006B11F9 /* AppDelegate.swift */ = {isa = PBXFileReference; lastKnownFileType = sourcecode.swift; path = AppDelegate.swift; sourceTree = "<group>"; };
		08F122DE26BACA44006B11F9 /* SceneDelegate.swift */ = {isa = PBXFileReference; lastKnownFileType = sourcecode.swift; path = SceneDelegate.swift; sourceTree = "<group>"; };
		08F122E026BACA44006B11F9 /* MainViewController.swift */ = {isa = PBXFileReference; lastKnownFileType = sourcecode.swift; path = MainViewController.swift; sourceTree = "<group>"; };
		08F122E526BACA45006B11F9 /* Assets.xcassets */ = {isa = PBXFileReference; lastKnownFileType = folder.assetcatalog; path = Assets.xcassets; sourceTree = "<group>"; };
		08F122E826BACA45006B11F9 /* Base */ = {isa = PBXFileReference; lastKnownFileType = file.storyboard; name = Base; path = Base.lproj/LaunchScreen.storyboard; sourceTree = "<group>"; };
		08F122EA26BACA45006B11F9 /* Info.plist */ = {isa = PBXFileReference; lastKnownFileType = text.plist.xml; path = Info.plist; sourceTree = "<group>"; };
		08F122F326BACBC4006B11F9 /* Constants.swift */ = {isa = PBXFileReference; lastKnownFileType = sourcecode.swift; path = Constants.swift; sourceTree = "<group>"; };
		08F122F626BACD4B006B11F9 /* Extension.swift */ = {isa = PBXFileReference; lastKnownFileType = sourcecode.swift; path = Extension.swift; sourceTree = "<group>"; };
		08F122F826BAD4A7006B11F9 /* WheelViewController.swift */ = {isa = PBXFileReference; lastKnownFileType = sourcecode.swift; path = WheelViewController.swift; sourceTree = "<group>"; };
		08F122FA26BAD5F0006B11F9 /* SliceResponse.swift */ = {isa = PBXFileReference; lastKnownFileType = sourcecode.swift; path = SliceResponse.swift; sourceTree = "<group>"; };
		08F122FC26BAD643006B11F9 /* APICaller.swift */ = {isa = PBXFileReference; lastKnownFileType = sourcecode.swift; path = APICaller.swift; sourceTree = "<group>"; };
		08F122FE26BADB6E006B11F9 /* wheel_ticker.png */ = {isa = PBXFileReference; lastKnownFileType = image.png; path = wheel_ticker.png; sourceTree = "<group>"; };
		08F1230026BADC00006B11F9 /* WheelView.swift */ = {isa = PBXFileReference; lastKnownFileType = sourcecode.swift; path = WheelView.swift; sourceTree = "<group>"; };
		1B7FCA94FF8F7108972454DE /* Pods-Klover-Test.release.xcconfig */ = {isa = PBXFileReference; includeInIndex = 1; lastKnownFileType = text.xcconfig; name = "Pods-Klover-Test.release.xcconfig"; path = "Target Support Files/Pods-Klover-Test/Pods-Klover-Test.release.xcconfig"; sourceTree = "<group>"; };
		60F9B08F1009EE333904F7AE /* Pods-Klover-Test.debug.xcconfig */ = {isa = PBXFileReference; includeInIndex = 1; lastKnownFileType = text.xcconfig; name = "Pods-Klover-Test.debug.xcconfig"; path = "Target Support Files/Pods-Klover-Test/Pods-Klover-Test.debug.xcconfig"; sourceTree = "<group>"; };
		D70E1F7E8707AFB3805C5763 /* Pods_Klover_Test.framework */ = {isa = PBXFileReference; explicitFileType = wrapper.framework; includeInIndex = 0; path = Pods_Klover_Test.framework; sourceTree = BUILT_PRODUCTS_DIR; };
/* End PBXFileReference section */

/* Begin PBXFrameworksBuildPhase section */
		08F122D626BACA44006B11F9 /* Frameworks */ = {
			isa = PBXFrameworksBuildPhase;
			buildActionMask = 2147483647;
			files = (
				0432D77D43E0D8271F00A176 /* Pods_Klover_Test.framework in Frameworks */,
			);
			runOnlyForDeploymentPostprocessing = 0;
		};
/* End PBXFrameworksBuildPhase section */

/* Begin PBXGroup section */
		08F122D026BACA44006B11F9 = {
			isa = PBXGroup;
			children = (
				08F122DB26BACA44006B11F9 /* Klover-Test */,
				08F122DA26BACA44006B11F9 /* Products */,
				FEC1DD8C8EFE2CD61BE08F71 /* Pods */,
				15C2FFA9A1DFBF1E17F0AC4B /* Frameworks */,
			);
			sourceTree = "<group>";
		};
		08F122DA26BACA44006B11F9 /* Products */ = {
			isa = PBXGroup;
			children = (
				08F122D926BACA44006B11F9 /* Klover-Test.app */,
			);
			name = Products;
			sourceTree = "<group>";
		};
		08F122DB26BACA44006B11F9 /* Klover-Test */ = {
			isa = PBXGroup;
			children = (
				08F122F526BACD35006B11F9 /* Extensions */,
				08F122F226BACB9B006B11F9 /* Controllers */,
				08F122F126BACB95006B11F9 /* Models */,
				08F122F026BACB8C006B11F9 /* Views */,
				08F122DC26BACA44006B11F9 /* AppDelegate.swift */,
				08F122DE26BACA44006B11F9 /* SceneDelegate.swift */,
				08F122E526BACA45006B11F9 /* Assets.xcassets */,
				08F122E726BACA45006B11F9 /* LaunchScreen.storyboard */,
				08F122EA26BACA45006B11F9 /* Info.plist */,
				08F122FE26BADB6E006B11F9 /* wheel_ticker.png */,
				08F122F326BACBC4006B11F9 /* Constants.swift */,
				08F122FC26BAD643006B11F9 /* APICaller.swift */,
			);
			path = "Klover-Test";
			sourceTree = "<group>";
		};
		08F122F026BACB8C006B11F9 /* Views */ = {
			isa = PBXGroup;
			children = (
				08F1230026BADC00006B11F9 /* WheelView.swift */,
			);
			path = Views;
			sourceTree = "<group>";
		};
		08F122F126BACB95006B11F9 /* Models */ = {
			isa = PBXGroup;
			children = (
				08F122FA26BAD5F0006B11F9 /* SliceResponse.swift */,
			);
			path = Models;
			sourceTree = "<group>";
		};
		08F122F226BACB9B006B11F9 /* Controllers */ = {
			isa = PBXGroup;
			children = (
				08F122E026BACA44006B11F9 /* MainViewController.swift */,
				08F122F826BAD4A7006B11F9 /* WheelViewController.swift */,
			);
			path = Controllers;
			sourceTree = "<group>";
		};
		08F122F526BACD35006B11F9 /* Extensions */ = {
			isa = PBXGroup;
			children = (
				08F122F626BACD4B006B11F9 /* Extension.swift */,
			);
			path = Extensions;
			sourceTree = "<group>";
		};
		15C2FFA9A1DFBF1E17F0AC4B /* Frameworks */ = {
			isa = PBXGroup;
			children = (
				D70E1F7E8707AFB3805C5763 /* Pods_Klover_Test.framework */,
			);
			name = Frameworks;
			sourceTree = "<group>";
		};
		FEC1DD8C8EFE2CD61BE08F71 /* Pods */ = {
			isa = PBXGroup;
			children = (
				60F9B08F1009EE333904F7AE /* Pods-Klover-Test.debug.xcconfig */,
				1B7FCA94FF8F7108972454DE /* Pods-Klover-Test.release.xcconfig */,
			);
			path = Pods;
			sourceTree = "<group>";
		};
/* End PBXGroup section */

/* Begin PBXNativeTarget section */
		08F122D826BACA44006B11F9 /* Klover-Test */ = {
			isa = PBXNativeTarget;
			buildConfigurationList = 08F122ED26BACA45006B11F9 /* Build configuration list for PBXNativeTarget "Klover-Test" */;
			buildPhases = (
				78CEC39ADF2E8D4D3D84B790 /* [CP] Check Pods Manifest.lock */,
				08F122D526BACA44006B11F9 /* Sources */,
				08F122D626BACA44006B11F9 /* Frameworks */,
				08F122D726BACA44006B11F9 /* Resources */,
				CD72CF53FB31BDE20F2D7E66 /* [CP] Embed Pods Frameworks */,
			);
			buildRules = (
			);
			dependencies = (
			);
			name = "Klover-Test";
			productName = "Klover-Test";
			productReference = 08F122D926BACA44006B11F9 /* Klover-Test.app */;
			productType = "com.apple.product-type.application";
		};
/* End PBXNativeTarget section */

/* Begin PBXProject section */
		08F122D126BACA44006B11F9 /* Project object */ = {
			isa = PBXProject;
			attributes = {
				LastSwiftUpdateCheck = 1250;
				LastUpgradeCheck = 1250;
				TargetAttributes = {
					08F122D826BACA44006B11F9 = {
						CreatedOnToolsVersion = 12.5;
					};
				};
			};
			buildConfigurationList = 08F122D426BACA44006B11F9 /* Build configuration list for PBXProject "Klover-Test" */;
			compatibilityVersion = "Xcode 9.3";
			developmentRegion = en;
			hasScannedForEncodings = 0;
			knownRegions = (
				en,
				Base,
			);
			mainGroup = 08F122D026BACA44006B11F9;
			productRefGroup = 08F122DA26BACA44006B11F9 /* Products */;
			projectDirPath = "";
			projectRoot = "";
			targets = (
				08F122D826BACA44006B11F9 /* Klover-Test */,
			);
		};
/* End PBXProject section */

/* Begin PBXResourcesBuildPhase section */
		08F122D726BACA44006B11F9 /* Resources */ = {
			isa = PBXResourcesBuildPhase;
			buildActionMask = 2147483647;
			files = (
				08F122E926BACA45006B11F9 /* LaunchScreen.storyboard in Resources */,
				08F122E626BACA45006B11F9 /* Assets.xcassets in Resources */,
				08F122FF26BADB6E006B11F9 /* wheel_ticker.png in Resources */,
			);
			runOnlyForDeploymentPostprocessing = 0;
		};
/* End PBXResourcesBuildPhase section */

/* Begin PBXShellScriptBuildPhase section */
		78CEC39ADF2E8D4D3D84B790 /* [CP] Check Pods Manifest.lock */ = {
			isa = PBXShellScriptBuildPhase;
			buildActionMask = 2147483647;
			files = (
			);
			inputFileListPaths = (
			);
			inputPaths = (
				"${PODS_PODFILE_DIR_PATH}/Podfile.lock",
				"${PODS_ROOT}/Manifest.lock",
			);
			name = "[CP] Check Pods Manifest.lock";
			outputFileListPaths = (
			);
			outputPaths = (
				"$(DERIVED_FILE_DIR)/Pods-Klover-Test-checkManifestLockResult.txt",
			);
			runOnlyForDeploymentPostprocessing = 0;
			shellPath = /bin/sh;
			shellScript = "diff \"${PODS_PODFILE_DIR_PATH}/Podfile.lock\" \"${PODS_ROOT}/Manifest.lock\" > /dev/null\nif [ $? != 0 ] ; then\n    # print error to STDERR\n    echo \"error: The sandbox is not in sync with the Podfile.lock. Run 'pod install' or update your CocoaPods installation.\" >&2\n    exit 1\nfi\n# This output is used by Xcode 'outputs' to avoid re-running this script phase.\necho \"SUCCESS\" > \"${SCRIPT_OUTPUT_FILE_0}\"\n";
			showEnvVarsInLog = 0;
		};
		CD72CF53FB31BDE20F2D7E66 /* [CP] Embed Pods Frameworks */ = {
			isa = PBXShellScriptBuildPhase;
			buildActionMask = 2147483647;
			files = (
			);
			inputFileListPaths = (
				"${PODS_ROOT}/Target Support Files/Pods-Klover-Test/Pods-Klover-Test-frameworks-${CONFIGURATION}-input-files.xcfilelist",
			);
			name = "[CP] Embed Pods Frameworks";
			outputFileListPaths = (
				"${PODS_ROOT}/Target Support Files/Pods-Klover-Test/Pods-Klover-Test-frameworks-${CONFIGURATION}-output-files.xcfilelist",
			);
			runOnlyForDeploymentPostprocessing = 0;
			shellPath = /bin/sh;
			shellScript = "\"${PODS_ROOT}/Target Support Files/Pods-Klover-Test/Pods-Klover-Test-frameworks.sh\"\n#\"${PODS_ROOT}/SwiftLint/swiftlint\"\n";
			showEnvVarsInLog = 0;
		};
/* End PBXShellScriptBuildPhase section */

/* Begin PBXSourcesBuildPhase section */
		08F122D526BACA44006B11F9 /* Sources */ = {
			isa = PBXSourcesBuildPhase;
			buildActionMask = 2147483647;
			files = (
				08F122F726BACD4B006B11F9 /* Extension.swift in Sources */,
				08F122E126BACA44006B11F9 /* MainViewController.swift in Sources */,
				08F122F926BAD4A7006B11F9 /* WheelViewController.swift in Sources */,
				08F122FB26BAD5F0006B11F9 /* SliceResponse.swift in Sources */,
				08F122DD26BACA44006B11F9 /* AppDelegate.swift in Sources */,
				08F122DF26BACA44006B11F9 /* SceneDelegate.swift in Sources */,
				08F1230126BADC00006B11F9 /* WheelView.swift in Sources */,
				08F122F426BACBC4006B11F9 /* Constants.swift in Sources */,
				08F122FD26BAD643006B11F9 /* APICaller.swift in Sources */,
			);
			runOnlyForDeploymentPostprocessing = 0;
		};
/* End PBXSourcesBuildPhase section */

/* Begin PBXVariantGroup section */
		08F122E726BACA45006B11F9 /* LaunchScreen.storyboard */ = {
			isa = PBXVariantGroup;
			children = (
				08F122E826BACA45006B11F9 /* Base */,
			);
			name = LaunchScreen.storyboard;
			sourceTree = "<group>";
		};
/* End PBXVariantGroup section */

/* Begin XCBuildConfiguration section */
		08F122EB26BACA45006B11F9 /* Debug */ = {
			isa = XCBuildConfiguration;
			buildSettings = {
				ALWAYS_SEARCH_USER_PATHS = NO;
				CLANG_ANALYZER_NONNULL = YES;
				CLANG_ANALYZER_NUMBER_OBJECT_CONVERSION = YES_AGGRESSIVE;
				CLANG_CXX_LANGUAGE_STANDARD = "gnu++14";
				CLANG_CXX_LIBRARY = "libc++";
				CLANG_ENABLE_MODULES = YES;
				CLANG_ENABLE_OBJC_ARC = YES;
				CLANG_ENABLE_OBJC_WEAK = YES;
				CLANG_WARN_BLOCK_CAPTURE_AUTORELEASING = YES;
				CLANG_WARN_BOOL_CONVERSION = YES;
				CLANG_WARN_COMMA = YES;
				CLANG_WARN_CONSTANT_CONVERSION = YES;
				CLANG_WARN_DEPRECATED_OBJC_IMPLEMENTATIONS = YES;
				CLANG_WARN_DIRECT_OBJC_ISA_USAGE = YES_ERROR;
				CLANG_WARN_DOCUMENTATION_COMMENTS = YES;
				CLANG_WARN_EMPTY_BODY = YES;
				CLANG_WARN_ENUM_CONVERSION = YES;
				CLANG_WARN_INFINITE_RECURSION = YES;
				CLANG_WARN_INT_CONVERSION = YES;
				CLANG_WARN_NON_LITERAL_NULL_CONVERSION = YES;
				CLANG_WARN_OBJC_IMPLICIT_RETAIN_SELF = YES;
				CLANG_WARN_OBJC_LITERAL_CONVERSION = YES;
				CLANG_WARN_OBJC_ROOT_CLASS = YES_ERROR;
				CLANG_WARN_QUOTED_INCLUDE_IN_FRAMEWORK_HEADER = YES;
				CLANG_WARN_RANGE_LOOP_ANALYSIS = YES;
				CLANG_WARN_STRICT_PROTOTYPES = YES;
				CLANG_WARN_SUSPICIOUS_MOVE = YES;
				CLANG_WARN_UNGUARDED_AVAILABILITY = YES_AGGRESSIVE;
				CLANG_WARN_UNREACHABLE_CODE = YES;
				CLANG_WARN__DUPLICATE_METHOD_MATCH = YES;
				COPY_PHASE_STRIP = NO;
				DEBUG_INFORMATION_FORMAT = dwarf;
				ENABLE_STRICT_OBJC_MSGSEND = YES;
				ENABLE_TESTABILITY = YES;
				GCC_C_LANGUAGE_STANDARD = gnu11;
				GCC_DYNAMIC_NO_PIC = NO;
				GCC_NO_COMMON_BLOCKS = YES;
				GCC_OPTIMIZATION_LEVEL = 0;
				GCC_PREPROCESSOR_DEFINITIONS = (
					"DEBUG=1",
					"$(inherited)",
				);
				GCC_WARN_64_TO_32_BIT_CONVERSION = YES;
				GCC_WARN_ABOUT_RETURN_TYPE = YES_ERROR;
				GCC_WARN_UNDECLARED_SELECTOR = YES;
				GCC_WARN_UNINITIALIZED_AUTOS = YES_AGGRESSIVE;
				GCC_WARN_UNUSED_FUNCTION = YES;
				GCC_WARN_UNUSED_VARIABLE = YES;
				IPHONEOS_DEPLOYMENT_TARGET = 14.5;
				MTL_ENABLE_DEBUG_INFO = INCLUDE_SOURCE;
				MTL_FAST_MATH = YES;
				ONLY_ACTIVE_ARCH = YES;
				SDKROOT = iphoneos;
				SWIFT_ACTIVE_COMPILATION_CONDITIONS = DEBUG;
				SWIFT_OPTIMIZATION_LEVEL = "-Onone";
			};
			name = Debug;
		};
		08F122EC26BACA45006B11F9 /* Release */ = {
			isa = XCBuildConfiguration;
			buildSettings = {
				ALWAYS_SEARCH_USER_PATHS = NO;
				CLANG_ANALYZER_NONNULL = YES;
				CLANG_ANALYZER_NUMBER_OBJECT_CONVERSION = YES_AGGRESSIVE;
				CLANG_CXX_LANGUAGE_STANDARD = "gnu++14";
				CLANG_CXX_LIBRARY = "libc++";
				CLANG_ENABLE_MODULES = YES;
				CLANG_ENABLE_OBJC_ARC = YES;
				CLANG_ENABLE_OBJC_WEAK = YES;
				CLANG_WARN_BLOCK_CAPTURE_AUTORELEASING = YES;
				CLANG_WARN_BOOL_CONVERSION = YES;
				CLANG_WARN_COMMA = YES;
				CLANG_WARN_CONSTANT_CONVERSION = YES;
				CLANG_WARN_DEPRECATED_OBJC_IMPLEMENTATIONS = YES;
				CLANG_WARN_DIRECT_OBJC_ISA_USAGE = YES_ERROR;
				CLANG_WARN_DOCUMENTATION_COMMENTS = YES;
				CLANG_WARN_EMPTY_BODY = YES;
				CLANG_WARN_ENUM_CONVERSION = YES;
				CLANG_WARN_INFINITE_RECURSION = YES;
				CLANG_WARN_INT_CONVERSION = YES;
				CLANG_WARN_NON_LITERAL_NULL_CONVERSION = YES;
				CLANG_WARN_OBJC_IMPLICIT_RETAIN_SELF = YES;
				CLANG_WARN_OBJC_LITERAL_CONVERSION = YES;
				CLANG_WARN_OBJC_ROOT_CLASS = YES_ERROR;
				CLANG_WARN_QUOTED_INCLUDE_IN_FRAMEWORK_HEADER = YES;
				CLANG_WARN_RANGE_LOOP_ANALYSIS = YES;
				CLANG_WARN_STRICT_PROTOTYPES = YES;
				CLANG_WARN_SUSPICIOUS_MOVE = YES;
				CLANG_WARN_UNGUARDED_AVAILABILITY = YES_AGGRESSIVE;
				CLANG_WARN_UNREACHABLE_CODE = YES;
				CLANG_WARN__DUPLICATE_METHOD_MATCH = YES;
				COPY_PHASE_STRIP = NO;
				DEBUG_INFORMATION_FORMAT = "dwarf-with-dsym";
				ENABLE_NS_ASSERTIONS = NO;
				ENABLE_STRICT_OBJC_MSGSEND = YES;
				GCC_C_LANGUAGE_STANDARD = gnu11;
				GCC_NO_COMMON_BLOCKS = YES;
				GCC_WARN_64_TO_32_BIT_CONVERSION = YES;
				GCC_WARN_ABOUT_RETURN_TYPE = YES_ERROR;
				GCC_WARN_UNDECLARED_SELECTOR = YES;
				GCC_WARN_UNINITIALIZED_AUTOS = YES_AGGRESSIVE;
				GCC_WARN_UNUSED_FUNCTION = YES;
				GCC_WARN_UNUSED_VARIABLE = YES;
				IPHONEOS_DEPLOYMENT_TARGET = 14.5;
				MTL_ENABLE_DEBUG_INFO = NO;
				MTL_FAST_MATH = YES;
				SDKROOT = iphoneos;
				SWIFT_COMPILATION_MODE = wholemodule;
				SWIFT_OPTIMIZATION_LEVEL = "-O";
				VALIDATE_PRODUCT = YES;
			};
			name = Release;
		};
		08F122EE26BACA45006B11F9 /* Debug */ = {
			isa = XCBuildConfiguration;
			baseConfigurationReference = 60F9B08F1009EE333904F7AE /* Pods-Klover-Test.debug.xcconfig */;
			buildSettings = {
				ASSETCATALOG_COMPILER_APPICON_NAME = AppIcon;
				ASSETCATALOG_COMPILER_GLOBAL_ACCENT_COLOR_NAME = AccentColor;
				CODE_SIGN_STYLE = Automatic;
				DEVELOPMENT_TEAM = S8F5YNFL7X;
				INFOPLIST_FILE = "Klover-Test/Info.plist";
				LD_RUNPATH_SEARCH_PATHS = (
					"$(inherited)",
					"@executable_path/Frameworks",
				);
				PRODUCT_BUNDLE_IDENTIFIER = "com.wlawsonkelly.Klover-Test";
				PRODUCT_NAME = "$(TARGET_NAME)";
				SWIFT_VERSION = 5.0;
				TARGETED_DEVICE_FAMILY = "1,2";
			};
			name = Debug;
		};
		08F122EF26BACA45006B11F9 /* Release */ = {
			isa = XCBuildConfiguration;
			baseConfigurationReference = 1B7FCA94FF8F7108972454DE /* Pods-Klover-Test.release.xcconfig */;
			buildSettings = {
				ASSETCATALOG_COMPILER_APPICON_NAME = AppIcon;
				ASSETCATALOG_COMPILER_GLOBAL_ACCENT_COLOR_NAME = AccentColor;
				CODE_SIGN_STYLE = Automatic;
				DEVELOPMENT_TEAM = S8F5YNFL7X;
				INFOPLIST_FILE = "Klover-Test/Info.plist";
				LD_RUNPATH_SEARCH_PATHS = (
					"$(inherited)",
					"@executable_path/Frameworks",
				);
				PRODUCT_BUNDLE_IDENTIFIER = "com.wlawsonkelly.Klover-Test";
				PRODUCT_NAME = "$(TARGET_NAME)";
				SWIFT_VERSION = 5.0;
				TARGETED_DEVICE_FAMILY = "1,2";
			};
			name = Release;
		};
/* End XCBuildConfiguration section */

/* Begin XCConfigurationList section */
		08F122D426BACA44006B11F9 /* Build configuration list for PBXProject "Klover-Test" */ = {
			isa = XCConfigurationList;
			buildConfigurations = (
				08F122EB26BACA45006B11F9 /* Debug */,
				08F122EC26BACA45006B11F9 /* Release */,
			);
			defaultConfigurationIsVisible = 0;
			defaultConfigurationName = Release;
		};
		08F122ED26BACA45006B11F9 /* Build configuration list for PBXNativeTarget "Klover-Test" */ = {
			isa = XCConfigurationList;
			buildConfigurations = (
				08F122EE26BACA45006B11F9 /* Debug */,
				08F122EF26BACA45006B11F9 /* Release */,
			);
			defaultConfigurationIsVisible = 0;
			defaultConfigurationName = Release;
		};
/* End XCConfigurationList section */
	};
	rootObject = 08F122D126BACA44006B11F9 /* Project object */;
}
